{
  "version": 4,
  "terraform_version": "1.0.6",
  "serial": 48,
  "lineage": "3c8bbff1-8f84-fa5e-e761-4ceb363b04ea",
  "outputs": {},
  "resources": [
    {
      "mode": "managed",
      "type": "proxmox_vm_qemu",
      "name": "k3s-agent-node",
      "provider": "provider[\"registry.terraform.io/telmate/proxmox\"]",
      "instances": [
        {
          "index_key": 0,
          "schema_version": 0,
          "attributes": {
            "additional_wait": 15,
            "agent": 1,
            "args": "",
            "balloon": 0,
            "bios": "seabios",
            "boot": "cdn",
            "bootdisk": "scsi0",
            "bridge": "",
            "ci_wait": null,
            "cicustom": "",
            "cipassword": "root",
            "ciuser": "root",
            "clone": "clone",
            "clone_wait": 15,
            "cloudinit_cdrom_storage": null,
            "cores": 1,
            "cpu": "host",
            "default_ipv4_address": "10.0.0.50",
            "define_connection_info": true,
            "desc": "",
            "disk": [
              {
                "backup": 0,
                "cache": "none",
                "discard": "",
                "file": "198/base-198-disk-0.qcow2/155/vm-155-disk-0.qcow2",
                "format": "qcow2",
                "iothread": 0,
                "mbps": 0,
                "mbps_rd": 0,
                "mbps_rd_max": 0,
                "mbps_wr": 0,
                "mbps_wr_max": 0,
                "media": "",
                "replicate": 0,
                "size": "12G",
                "slot": 0,
                "ssd": 0,
                "storage": "local",
                "storage_type": "dir",
                "type": "scsi",
                "volume": "local:198/base-198-disk-0.qcow2/155/vm-155-disk-0.qcow2"
              }
            ],
            "disk_gb": 0,
            "force_create": false,
            "force_recreate_on_change_of": null,
            "full_clone": false,
            "guest_agent_ready_timeout": 600,
            "hastate": "",
            "hotplug": "network,disk,usb",
            "id": "pve-01/qemu/155",
            "ipconfig0": "ip=10.0.0.50/24,gw=10.0.0.1",
            "ipconfig1": "",
            "ipconfig2": "",
            "iso": null,
            "kvm": true,
            "mac": "",
            "memory": 4096,
            "name": "k3s-node1",
            "nameserver": "8.8.8.8",
            "network": [
              {
                "bridge": "vmbr1",
                "firewall": false,
                "link_down": false,
                "macaddr": "7A:CA:1F:6B:B6:E0",
                "model": "virtio",
                "queues": 0,
                "rate": 0,
                "tag": -1
              }
            ],
            "nic": "",
            "numa": false,
            "onboot": true,
            "os_network_config": null,
            "os_type": "cloud-init",
            "pool": "",
            "preprovision": true,
            "qemu_os": "other",
            "reboot_required": false,
            "scsihw": "virtio-scsi-pci",
            "searchdomain": "",
            "serial": [],
            "sockets": 1,
            "ssh_forward_ip": null,
            "ssh_host": "10.0.0.50",
            "ssh_port": "22",
            "ssh_private_key": null,
            "ssh_user": null,
            "sshkeys": "ssh-rsa AAAAB3NzaC1yc2EAAAADAQABAAABAQDQLx0Mfx5lnz3i6TGLsd3SpuAw4r2/5AbwngtTLnSwRYNiXHvqQNkP9Xt1MkuZqb5nHblvrAlbXi+FwOnzy6oVFe2Ynl0YlcU6UXbgvbPVPZW3hSlrVymDJz696m/r6t9l0phJIJimnzjhioCF30+Y27mJcTgxeHWEJkK8wJzyQ9NUyvVW/pNBwND2JcTkDm3Otry91+HYRQdIsgt+w2hbPVDVhaHGP5dK/1qyPGY6TsS+o+069cZjoi/m68jieJrJdSK8NHedhh4+3qB74yaLXEOD8/1oc0EIvI7jhh4JSf2y0yQ8+9PdZxuTe/iEwjtcK6+0YjBV5ZF/XRQrny0N root@pve\n\nssh-rsa AAAAB3NzaC1yc2EAAAADAQABAAACAQDeMBJc/Pl5/pPZX7kB4E0Wt1i3z6ap5VAP/+5RCLGjsYkDcxfFJefO217i3hXhr4s6V3/3x9uDIlxLMzdOSgJ53Ip7Rr4OHddU4ByGR0vPuAVmb8qWVwn0ZSzVgzXRPFnZmNeWJ+j1+Yg8bNp6AfqYI6EHyseZmk1qNWqIRgyS/uFuUB4LD8eSf+NZjEzq7MnmHbJkFt+wqnEBQGCod/VxN3qzfVGge4/pBYU5ktLY1CxPwcG7Fh7vsf2I6sgiePltwW2xXXJADi0RNc9EH2yqUw5WBQOK5kJdTaZ0GtQDyVWkawqEkaV6CVlCSICWx8bz1waWIoQk2oXRroUNUVw1ydRJaVVn0Y2011ZkzfjmBsdM3Eqx/f5cGutvVrTQU2bBsKqr5l85Sm68CjXMQhFrEM+0Sku+0DkHvW0u7CnPagKaIzN/BrsVYPJBvo+1Bwdkz//5Ojfw8DBgtY20qYkgH1ejKm2rrJuafcM30ZwTh+QjUcRRSgaoaroDuqe/rZgyzHMxrGunil5DjVy9cag/d27nx2nQm+ZAK6gKfGLtzHNvFwEZZBeLxT3vz7YuwkjY8v+2o6LmzZ6F6pQc/f3fmqCxVxZn//ho2CFp9W+DiUzd+ej3ADTDJ4TCOtBY89nGo2uxlgf160+ILFCmdGfGPh/aDaehJ3TqSOWpzvtkcQ== root@k3s-master-server\n\n",
            "storage": "",
            "storage_type": "",
            "tags": "",
            "target_node": "pve-01",
            "unused_disk": [],
            "vcpus": 0,
            "vga": [],
            "vlan": -1,
            "vmid": 155
          },
          "sensitive_attributes": [],
          "private": "bnVsbA=="
        },
        {
          "index_key": 1,
          "schema_version": 0,
          "attributes": {
            "additional_wait": 15,
            "agent": 1,
            "args": "",
            "balloon": 0,
            "bios": "seabios",
            "boot": "cdn",
            "bootdisk": "scsi0",
            "bridge": "",
            "ci_wait": null,
            "cicustom": "",
            "cipassword": "root",
            "ciuser": "root",
            "clone": "clone",
            "clone_wait": 15,
            "cloudinit_cdrom_storage": null,
            "cores": 1,
            "cpu": "host",
            "default_ipv4_address": "10.0.0.51",
            "define_connection_info": true,
            "desc": "",
            "disk": [
              {
                "backup": 0,
                "cache": "none",
                "discard": "",
                "file": "198/base-198-disk-0.qcow2/156/vm-156-disk-0.qcow2",
                "format": "qcow2",
                "iothread": 0,
                "mbps": 0,
                "mbps_rd": 0,
                "mbps_rd_max": 0,
                "mbps_wr": 0,
                "mbps_wr_max": 0,
                "media": "",
                "replicate": 0,
                "size": "12G",
                "slot": 0,
                "ssd": 0,
                "storage": "local",
                "storage_type": "dir",
                "type": "scsi",
                "volume": "local:198/base-198-disk-0.qcow2/156/vm-156-disk-0.qcow2"
              }
            ],
            "disk_gb": 0,
            "force_create": false,
            "force_recreate_on_change_of": null,
            "full_clone": false,
            "guest_agent_ready_timeout": 600,
            "hastate": "",
            "hotplug": "network,disk,usb",
            "id": "pve-01/qemu/156",
            "ipconfig0": "ip=10.0.0.51/24,gw=10.0.0.1",
            "ipconfig1": "",
            "ipconfig2": "",
            "iso": null,
            "kvm": true,
            "mac": "",
            "memory": 4096,
            "name": "k3s-node2",
            "nameserver": "8.8.8.8",
            "network": [
              {
                "bridge": "vmbr1",
                "firewall": false,
                "link_down": false,
                "macaddr": "96:CE:CC:F8:31:73",
                "model": "virtio",
                "queues": 0,
                "rate": 0,
                "tag": -1
              }
            ],
            "nic": "",
            "numa": false,
            "onboot": true,
            "os_network_config": null,
            "os_type": "cloud-init",
            "pool": "",
            "preprovision": true,
            "qemu_os": "other",
            "reboot_required": false,
            "scsihw": "virtio-scsi-pci",
            "searchdomain": "",
            "serial": [],
            "sockets": 1,
            "ssh_forward_ip": null,
            "ssh_host": "10.0.0.51",
            "ssh_port": "22",
            "ssh_private_key": null,
            "ssh_user": null,
            "sshkeys": "ssh-rsa AAAAB3NzaC1yc2EAAAADAQABAAABAQDQLx0Mfx5lnz3i6TGLsd3SpuAw4r2/5AbwngtTLnSwRYNiXHvqQNkP9Xt1MkuZqb5nHblvrAlbXi+FwOnzy6oVFe2Ynl0YlcU6UXbgvbPVPZW3hSlrVymDJz696m/r6t9l0phJIJimnzjhioCF30+Y27mJcTgxeHWEJkK8wJzyQ9NUyvVW/pNBwND2JcTkDm3Otry91+HYRQdIsgt+w2hbPVDVhaHGP5dK/1qyPGY6TsS+o+069cZjoi/m68jieJrJdSK8NHedhh4+3qB74yaLXEOD8/1oc0EIvI7jhh4JSf2y0yQ8+9PdZxuTe/iEwjtcK6+0YjBV5ZF/XRQrny0N root@pve\n\nssh-rsa AAAAB3NzaC1yc2EAAAADAQABAAACAQDeMBJc/Pl5/pPZX7kB4E0Wt1i3z6ap5VAP/+5RCLGjsYkDcxfFJefO217i3hXhr4s6V3/3x9uDIlxLMzdOSgJ53Ip7Rr4OHddU4ByGR0vPuAVmb8qWVwn0ZSzVgzXRPFnZmNeWJ+j1+Yg8bNp6AfqYI6EHyseZmk1qNWqIRgyS/uFuUB4LD8eSf+NZjEzq7MnmHbJkFt+wqnEBQGCod/VxN3qzfVGge4/pBYU5ktLY1CxPwcG7Fh7vsf2I6sgiePltwW2xXXJADi0RNc9EH2yqUw5WBQOK5kJdTaZ0GtQDyVWkawqEkaV6CVlCSICWx8bz1waWIoQk2oXRroUNUVw1ydRJaVVn0Y2011ZkzfjmBsdM3Eqx/f5cGutvVrTQU2bBsKqr5l85Sm68CjXMQhFrEM+0Sku+0DkHvW0u7CnPagKaIzN/BrsVYPJBvo+1Bwdkz//5Ojfw8DBgtY20qYkgH1ejKm2rrJuafcM30ZwTh+QjUcRRSgaoaroDuqe/rZgyzHMxrGunil5DjVy9cag/d27nx2nQm+ZAK6gKfGLtzHNvFwEZZBeLxT3vz7YuwkjY8v+2o6LmzZ6F6pQc/f3fmqCxVxZn//ho2CFp9W+DiUzd+ej3ADTDJ4TCOtBY89nGo2uxlgf160+ILFCmdGfGPh/aDaehJ3TqSOWpzvtkcQ== root@k3s-master-server\n\n",
            "storage": "",
            "storage_type": "",
            "tags": "",
            "target_node": "pve-01",
            "unused_disk": [],
            "vcpus": 0,
            "vga": [],
            "vlan": -1,
            "vmid": 156
          },
          "sensitive_attributes": [],
          "private": "bnVsbA=="
        },
        {
          "index_key": 2,
          "schema_version": 0,
          "attributes": {
            "additional_wait": 15,
            "agent": 1,
            "args": "",
            "balloon": 0,
            "bios": "seabios",
            "boot": "cdn",
            "bootdisk": "scsi0",
            "bridge": "",
            "ci_wait": null,
            "cicustom": "",
            "cipassword": "root",
            "ciuser": "root",
            "clone": "clone",
            "clone_wait": 15,
            "cloudinit_cdrom_storage": null,
            "cores": 1,
            "cpu": "host",
            "default_ipv4_address": "10.0.0.52",
            "define_connection_info": true,
            "desc": "",
            "disk": [
              {
                "backup": 0,
                "cache": "none",
                "discard": "",
                "file": "198/base-198-disk-0.qcow2/157/vm-157-disk-0.qcow2",
                "format": "qcow2",
                "iothread": 0,
                "mbps": 0,
                "mbps_rd": 0,
                "mbps_rd_max": 0,
                "mbps_wr": 0,
                "mbps_wr_max": 0,
                "media": "",
                "replicate": 0,
                "size": "12G",
                "slot": 0,
                "ssd": 0,
                "storage": "local",
                "storage_type": "dir",
                "type": "scsi",
                "volume": "local:198/base-198-disk-0.qcow2/157/vm-157-disk-0.qcow2"
              }
            ],
            "disk_gb": 0,
            "force_create": false,
            "force_recreate_on_change_of": null,
            "full_clone": false,
            "guest_agent_ready_timeout": 600,
            "hastate": "",
            "hotplug": "network,disk,usb",
            "id": "pve-01/qemu/157",
            "ipconfig0": "ip=10.0.0.52/24,gw=10.0.0.1",
            "ipconfig1": "",
            "ipconfig2": "",
            "iso": null,
            "kvm": true,
            "mac": "",
            "memory": 4096,
            "name": "k3s-node3",
            "nameserver": "8.8.8.8",
            "network": [
              {
                "bridge": "vmbr1",
                "firewall": false,
                "link_down": false,
                "macaddr": "1E:15:B6:FA:BA:45",
                "model": "virtio",
                "queues": 0,
                "rate": 0,
                "tag": -1
              }
            ],
            "nic": "",
            "numa": false,
            "onboot": true,
            "os_network_config": null,
            "os_type": "cloud-init",
            "pool": "",
            "preprovision": true,
            "qemu_os": "other",
            "reboot_required": false,
            "scsihw": "virtio-scsi-pci",
            "searchdomain": "",
            "serial": [],
            "sockets": 1,
            "ssh_forward_ip": null,
            "ssh_host": "10.0.0.52",
            "ssh_port": "22",
            "ssh_private_key": null,
            "ssh_user": null,
            "sshkeys": "ssh-rsa AAAAB3NzaC1yc2EAAAADAQABAAABAQDQLx0Mfx5lnz3i6TGLsd3SpuAw4r2/5AbwngtTLnSwRYNiXHvqQNkP9Xt1MkuZqb5nHblvrAlbXi+FwOnzy6oVFe2Ynl0YlcU6UXbgvbPVPZW3hSlrVymDJz696m/r6t9l0phJIJimnzjhioCF30+Y27mJcTgxeHWEJkK8wJzyQ9NUyvVW/pNBwND2JcTkDm3Otry91+HYRQdIsgt+w2hbPVDVhaHGP5dK/1qyPGY6TsS+o+069cZjoi/m68jieJrJdSK8NHedhh4+3qB74yaLXEOD8/1oc0EIvI7jhh4JSf2y0yQ8+9PdZxuTe/iEwjtcK6+0YjBV5ZF/XRQrny0N root@pve\n\nssh-rsa AAAAB3NzaC1yc2EAAAADAQABAAACAQDeMBJc/Pl5/pPZX7kB4E0Wt1i3z6ap5VAP/+5RCLGjsYkDcxfFJefO217i3hXhr4s6V3/3x9uDIlxLMzdOSgJ53Ip7Rr4OHddU4ByGR0vPuAVmb8qWVwn0ZSzVgzXRPFnZmNeWJ+j1+Yg8bNp6AfqYI6EHyseZmk1qNWqIRgyS/uFuUB4LD8eSf+NZjEzq7MnmHbJkFt+wqnEBQGCod/VxN3qzfVGge4/pBYU5ktLY1CxPwcG7Fh7vsf2I6sgiePltwW2xXXJADi0RNc9EH2yqUw5WBQOK5kJdTaZ0GtQDyVWkawqEkaV6CVlCSICWx8bz1waWIoQk2oXRroUNUVw1ydRJaVVn0Y2011ZkzfjmBsdM3Eqx/f5cGutvVrTQU2bBsKqr5l85Sm68CjXMQhFrEM+0Sku+0DkHvW0u7CnPagKaIzN/BrsVYPJBvo+1Bwdkz//5Ojfw8DBgtY20qYkgH1ejKm2rrJuafcM30ZwTh+QjUcRRSgaoaroDuqe/rZgyzHMxrGunil5DjVy9cag/d27nx2nQm+ZAK6gKfGLtzHNvFwEZZBeLxT3vz7YuwkjY8v+2o6LmzZ6F6pQc/f3fmqCxVxZn//ho2CFp9W+DiUzd+ej3ADTDJ4TCOtBY89nGo2uxlgf160+ILFCmdGfGPh/aDaehJ3TqSOWpzvtkcQ== root@k3s-master-server\n\n",
            "storage": "",
            "storage_type": "",
            "tags": "",
            "target_node": "pve-01",
            "unused_disk": [],
            "vcpus": 0,
            "vga": [],
            "vlan": -1,
            "vmid": 157
          },
          "sensitive_attributes": [],
          "private": "bnVsbA=="
        },
        {
          "index_key": 3,
          "schema_version": 0,
          "attributes": {
            "additional_wait": 15,
            "agent": 1,
            "args": "",
            "balloon": 0,
            "bios": "seabios",
            "boot": "cdn",
            "bootdisk": "scsi0",
            "bridge": "",
            "ci_wait": null,
            "cicustom": "",
            "cipassword": "root",
            "ciuser": "root",
            "clone": "clone",
            "clone_wait": 15,
            "cloudinit_cdrom_storage": null,
            "cores": 1,
            "cpu": "host",
            "default_ipv4_address": "10.0.0.53",
            "define_connection_info": true,
            "desc": "",
            "disk": [
              {
                "backup": 0,
                "cache": "none",
                "discard": "",
                "file": "198/base-198-disk-0.qcow2/158/vm-158-disk-0.qcow2",
                "format": "qcow2",
                "iothread": 0,
                "mbps": 0,
                "mbps_rd": 0,
                "mbps_rd_max": 0,
                "mbps_wr": 0,
                "mbps_wr_max": 0,
                "media": "",
                "replicate": 0,
                "size": "12G",
                "slot": 0,
                "ssd": 0,
                "storage": "local",
                "storage_type": "dir",
                "type": "scsi",
                "volume": "local:198/base-198-disk-0.qcow2/158/vm-158-disk-0.qcow2"
              }
            ],
            "disk_gb": 0,
            "force_create": false,
            "force_recreate_on_change_of": null,
            "full_clone": false,
            "guest_agent_ready_timeout": 600,
            "hastate": "",
            "hotplug": "network,disk,usb",
            "id": "pve-01/qemu/158",
            "ipconfig0": "ip=10.0.0.53/24,gw=10.0.0.1",
            "ipconfig1": "",
            "ipconfig2": "",
            "iso": null,
            "kvm": true,
            "mac": "",
            "memory": 4096,
            "name": "k3s-node4",
            "nameserver": "8.8.8.8",
            "network": [
              {
                "bridge": "vmbr1",
                "firewall": false,
                "link_down": false,
                "macaddr": "5A:9A:AD:45:44:1F",
                "model": "virtio",
                "queues": 0,
                "rate": 0,
                "tag": -1
              }
            ],
            "nic": "",
            "numa": false,
            "onboot": true,
            "os_network_config": null,
            "os_type": "cloud-init",
            "pool": "",
            "preprovision": true,
            "qemu_os": "other",
            "reboot_required": false,
            "scsihw": "virtio-scsi-pci",
            "searchdomain": "",
            "serial": [],
            "sockets": 1,
            "ssh_forward_ip": null,
            "ssh_host": "10.0.0.53",
            "ssh_port": "22",
            "ssh_private_key": null,
            "ssh_user": null,
            "sshkeys": "ssh-rsa AAAAB3NzaC1yc2EAAAADAQABAAABAQDQLx0Mfx5lnz3i6TGLsd3SpuAw4r2/5AbwngtTLnSwRYNiXHvqQNkP9Xt1MkuZqb5nHblvrAlbXi+FwOnzy6oVFe2Ynl0YlcU6UXbgvbPVPZW3hSlrVymDJz696m/r6t9l0phJIJimnzjhioCF30+Y27mJcTgxeHWEJkK8wJzyQ9NUyvVW/pNBwND2JcTkDm3Otry91+HYRQdIsgt+w2hbPVDVhaHGP5dK/1qyPGY6TsS+o+069cZjoi/m68jieJrJdSK8NHedhh4+3qB74yaLXEOD8/1oc0EIvI7jhh4JSf2y0yQ8+9PdZxuTe/iEwjtcK6+0YjBV5ZF/XRQrny0N root@pve\n\nssh-rsa AAAAB3NzaC1yc2EAAAADAQABAAACAQDeMBJc/Pl5/pPZX7kB4E0Wt1i3z6ap5VAP/+5RCLGjsYkDcxfFJefO217i3hXhr4s6V3/3x9uDIlxLMzdOSgJ53Ip7Rr4OHddU4ByGR0vPuAVmb8qWVwn0ZSzVgzXRPFnZmNeWJ+j1+Yg8bNp6AfqYI6EHyseZmk1qNWqIRgyS/uFuUB4LD8eSf+NZjEzq7MnmHbJkFt+wqnEBQGCod/VxN3qzfVGge4/pBYU5ktLY1CxPwcG7Fh7vsf2I6sgiePltwW2xXXJADi0RNc9EH2yqUw5WBQOK5kJdTaZ0GtQDyVWkawqEkaV6CVlCSICWx8bz1waWIoQk2oXRroUNUVw1ydRJaVVn0Y2011ZkzfjmBsdM3Eqx/f5cGutvVrTQU2bBsKqr5l85Sm68CjXMQhFrEM+0Sku+0DkHvW0u7CnPagKaIzN/BrsVYPJBvo+1Bwdkz//5Ojfw8DBgtY20qYkgH1ejKm2rrJuafcM30ZwTh+QjUcRRSgaoaroDuqe/rZgyzHMxrGunil5DjVy9cag/d27nx2nQm+ZAK6gKfGLtzHNvFwEZZBeLxT3vz7YuwkjY8v+2o6LmzZ6F6pQc/f3fmqCxVxZn//ho2CFp9W+DiUzd+ej3ADTDJ4TCOtBY89nGo2uxlgf160+ILFCmdGfGPh/aDaehJ3TqSOWpzvtkcQ== root@k3s-master-server\n\n",
            "storage": "",
            "storage_type": "",
            "tags": "",
            "target_node": "pve-01",
            "unused_disk": [],
            "vcpus": 0,
            "vga": [],
            "vlan": -1,
            "vmid": 158
          },
          "sensitive_attributes": [],
          "private": "bnVsbA=="
        }
      ]
    },
    {
      "mode": "managed",
      "type": "proxmox_vm_qemu",
      "name": "k3s-db",
      "provider": "provider[\"registry.terraform.io/telmate/proxmox\"]",
      "instances": [
        {
          "schema_version": 0,
          "attributes": {
            "additional_wait": 15,
            "agent": 1,
            "args": "",
            "balloon": 0,
            "bios": "seabios",
            "boot": "cdn",
            "bootdisk": "scsi0",
            "bridge": "",
            "ci_wait": null,
            "cicustom": "",
            "cipassword": "root",
            "ciuser": "root",
            "clone": "clone",
            "clone_wait": 15,
            "cloudinit_cdrom_storage": null,
            "cores": 1,
            "cpu": "host",
            "default_ipv4_address": "10.0.0.70",
            "define_connection_info": true,
            "desc": "",
            "disk": [
              {
                "backup": 0,
                "cache": "none",
                "discard": "",
                "file": "198/base-198-disk-0.qcow2/180/vm-180-disk-0.qcow2",
                "format": "qcow2",
                "iothread": 0,
                "mbps": 0,
                "mbps_rd": 0,
                "mbps_rd_max": 0,
                "mbps_wr": 0,
                "mbps_wr_max": 0,
                "media": "",
                "replicate": 0,
                "size": "12G",
                "slot": 0,
                "ssd": 0,
                "storage": "local",
                "storage_type": "dir",
                "type": "scsi",
                "volume": "local:198/base-198-disk-0.qcow2/180/vm-180-disk-0.qcow2"
              }
            ],
            "disk_gb": 0,
            "force_create": false,
            "force_recreate_on_change_of": null,
            "full_clone": false,
            "guest_agent_ready_timeout": 600,
            "hastate": "",
            "hotplug": "network,disk,usb",
            "id": "pve-01/qemu/180",
            "ipconfig0": "ip=10.0.0.70/24,gw=10.0.0.1",
            "ipconfig1": "",
            "ipconfig2": "",
            "iso": null,
            "kvm": true,
            "mac": "",
            "memory": 4096,
            "name": "k3s-db",
            "nameserver": "8.8.8.8",
            "network": [
              {
                "bridge": "vmbr1",
                "firewall": false,
                "link_down": false,
                "macaddr": "AE:A8:6E:06:79:8C",
                "model": "virtio",
                "queues": 0,
                "rate": 0,
                "tag": -1
              }
            ],
            "nic": "",
            "numa": false,
            "onboot": true,
            "os_network_config": null,
            "os_type": "cloud-init",
            "pool": "",
            "preprovision": true,
            "qemu_os": "other",
            "reboot_required": false,
            "scsihw": "virtio-scsi-pci",
            "searchdomain": "",
            "serial": [],
            "sockets": 1,
            "ssh_forward_ip": null,
            "ssh_host": "10.0.0.70",
            "ssh_port": "22",
            "ssh_private_key": null,
            "ssh_user": null,
            "sshkeys": "ssh-rsa AAAAB3NzaC1yc2EAAAADAQABAAABAQDQLx0Mfx5lnz3i6TGLsd3SpuAw4r2/5AbwngtTLnSwRYNiXHvqQNkP9Xt1MkuZqb5nHblvrAlbXi+FwOnzy6oVFe2Ynl0YlcU6UXbgvbPVPZW3hSlrVymDJz696m/r6t9l0phJIJimnzjhioCF30+Y27mJcTgxeHWEJkK8wJzyQ9NUyvVW/pNBwND2JcTkDm3Otry91+HYRQdIsgt+w2hbPVDVhaHGP5dK/1qyPGY6TsS+o+069cZjoi/m68jieJrJdSK8NHedhh4+3qB74yaLXEOD8/1oc0EIvI7jhh4JSf2y0yQ8+9PdZxuTe/iEwjtcK6+0YjBV5ZF/XRQrny0N root@pve\n\nssh-rsa AAAAB3NzaC1yc2EAAAADAQABAAACAQDeMBJc/Pl5/pPZX7kB4E0Wt1i3z6ap5VAP/+5RCLGjsYkDcxfFJefO217i3hXhr4s6V3/3x9uDIlxLMzdOSgJ53Ip7Rr4OHddU4ByGR0vPuAVmb8qWVwn0ZSzVgzXRPFnZmNeWJ+j1+Yg8bNp6AfqYI6EHyseZmk1qNWqIRgyS/uFuUB4LD8eSf+NZjEzq7MnmHbJkFt+wqnEBQGCod/VxN3qzfVGge4/pBYU5ktLY1CxPwcG7Fh7vsf2I6sgiePltwW2xXXJADi0RNc9EH2yqUw5WBQOK5kJdTaZ0GtQDyVWkawqEkaV6CVlCSICWx8bz1waWIoQk2oXRroUNUVw1ydRJaVVn0Y2011ZkzfjmBsdM3Eqx/f5cGutvVrTQU2bBsKqr5l85Sm68CjXMQhFrEM+0Sku+0DkHvW0u7CnPagKaIzN/BrsVYPJBvo+1Bwdkz//5Ojfw8DBgtY20qYkgH1ejKm2rrJuafcM30ZwTh+QjUcRRSgaoaroDuqe/rZgyzHMxrGunil5DjVy9cag/d27nx2nQm+ZAK6gKfGLtzHNvFwEZZBeLxT3vz7YuwkjY8v+2o6LmzZ6F6pQc/f3fmqCxVxZn//ho2CFp9W+DiUzd+ej3ADTDJ4TCOtBY89nGo2uxlgf160+ILFCmdGfGPh/aDaehJ3TqSOWpzvtkcQ== root@k3s-master-server\n\n",
            "storage": "",
            "storage_type": "",
            "tags": "",
            "target_node": "pve-01",
            "unused_disk": [],
            "vcpus": 0,
            "vga": [],
            "vlan": -1,
            "vmid": 180
          },
          "sensitive_attributes": [],
          "private": "bnVsbA=="
        }
      ]
    },
    {
      "mode": "managed",
      "type": "proxmox_vm_qemu",
      "name": "k3s-load-balancer",
      "provider": "provider[\"registry.terraform.io/telmate/proxmox\"]",
      "instances": [
        {
          "index_key": 0,
          "schema_version": 0,
          "attributes": {
            "additional_wait": 15,
            "agent": 1,
            "args": "",
            "balloon": 0,
            "bios": "seabios",
            "boot": "cdn",
            "bootdisk": "scsi0",
            "bridge": "",
            "ci_wait": null,
            "cicustom": "",
            "cipassword": "root",
            "ciuser": "root",
            "clone": "clone",
            "clone_wait": 15,
            "cloudinit_cdrom_storage": null,
            "cores": 1,
            "cpu": "host",
            "default_ipv4_address": "10.0.0.60",
            "define_connection_info": true,
            "desc": "",
            "disk": [
              {
                "backup": 0,
                "cache": "none",
                "discard": "",
                "file": "198/base-198-disk-0.qcow2/170/vm-170-disk-0.qcow2",
                "format": "qcow2",
                "iothread": 0,
                "mbps": 0,
                "mbps_rd": 0,
                "mbps_rd_max": 0,
                "mbps_wr": 0,
                "mbps_wr_max": 0,
                "media": "",
                "replicate": 0,
                "size": "12G",
                "slot": 0,
                "ssd": 0,
                "storage": "local",
                "storage_type": "dir",
                "type": "scsi",
                "volume": "local:198/base-198-disk-0.qcow2/170/vm-170-disk-0.qcow2"
              }
            ],
            "disk_gb": 0,
            "force_create": false,
            "force_recreate_on_change_of": null,
            "full_clone": false,
            "guest_agent_ready_timeout": 600,
            "hastate": "",
            "hotplug": "network,disk,usb",
            "id": "pve-01/qemu/170",
            "ipconfig0": "ip=10.0.0.60/24,gw=10.0.0.1",
            "ipconfig1": "",
            "ipconfig2": "",
            "iso": null,
            "kvm": true,
            "mac": "",
            "memory": 4096,
            "name": "k3s-load-balancer",
            "nameserver": "8.8.8.8",
            "network": [
              {
                "bridge": "vmbr1",
                "firewall": false,
                "link_down": false,
                "macaddr": "D6:3C:80:A7:34:59",
                "model": "virtio",
                "queues": 0,
                "rate": 0,
                "tag": -1
              }
            ],
            "nic": "",
            "numa": false,
            "onboot": true,
            "os_network_config": null,
            "os_type": "cloud-init",
            "pool": "",
            "preprovision": true,
            "qemu_os": "other",
            "reboot_required": false,
            "scsihw": "virtio-scsi-pci",
            "searchdomain": "",
            "serial": [],
            "sockets": 1,
            "ssh_forward_ip": null,
            "ssh_host": "10.0.0.60",
            "ssh_port": "22",
            "ssh_private_key": null,
            "ssh_user": null,
            "sshkeys": "ssh-rsa AAAAB3NzaC1yc2EAAAADAQABAAABAQDQLx0Mfx5lnz3i6TGLsd3SpuAw4r2/5AbwngtTLnSwRYNiXHvqQNkP9Xt1MkuZqb5nHblvrAlbXi+FwOnzy6oVFe2Ynl0YlcU6UXbgvbPVPZW3hSlrVymDJz696m/r6t9l0phJIJimnzjhioCF30+Y27mJcTgxeHWEJkK8wJzyQ9NUyvVW/pNBwND2JcTkDm3Otry91+HYRQdIsgt+w2hbPVDVhaHGP5dK/1qyPGY6TsS+o+069cZjoi/m68jieJrJdSK8NHedhh4+3qB74yaLXEOD8/1oc0EIvI7jhh4JSf2y0yQ8+9PdZxuTe/iEwjtcK6+0YjBV5ZF/XRQrny0N root@pve\n\nssh-rsa AAAAB3NzaC1yc2EAAAADAQABAAACAQDeMBJc/Pl5/pPZX7kB4E0Wt1i3z6ap5VAP/+5RCLGjsYkDcxfFJefO217i3hXhr4s6V3/3x9uDIlxLMzdOSgJ53Ip7Rr4OHddU4ByGR0vPuAVmb8qWVwn0ZSzVgzXRPFnZmNeWJ+j1+Yg8bNp6AfqYI6EHyseZmk1qNWqIRgyS/uFuUB4LD8eSf+NZjEzq7MnmHbJkFt+wqnEBQGCod/VxN3qzfVGge4/pBYU5ktLY1CxPwcG7Fh7vsf2I6sgiePltwW2xXXJADi0RNc9EH2yqUw5WBQOK5kJdTaZ0GtQDyVWkawqEkaV6CVlCSICWx8bz1waWIoQk2oXRroUNUVw1ydRJaVVn0Y2011ZkzfjmBsdM3Eqx/f5cGutvVrTQU2bBsKqr5l85Sm68CjXMQhFrEM+0Sku+0DkHvW0u7CnPagKaIzN/BrsVYPJBvo+1Bwdkz//5Ojfw8DBgtY20qYkgH1ejKm2rrJuafcM30ZwTh+QjUcRRSgaoaroDuqe/rZgyzHMxrGunil5DjVy9cag/d27nx2nQm+ZAK6gKfGLtzHNvFwEZZBeLxT3vz7YuwkjY8v+2o6LmzZ6F6pQc/f3fmqCxVxZn//ho2CFp9W+DiUzd+ej3ADTDJ4TCOtBY89nGo2uxlgf160+ILFCmdGfGPh/aDaehJ3TqSOWpzvtkcQ== root@k3s-master-server\n\n",
            "storage": "",
            "storage_type": "",
            "tags": "",
            "target_node": "pve-01",
            "unused_disk": [],
            "vcpus": 0,
            "vga": [],
            "vlan": -1,
            "vmid": 170
          },
          "sensitive_attributes": [],
          "private": "bnVsbA=="
        }
      ]
    },
    {
      "mode": "managed",
      "type": "proxmox_vm_qemu",
      "name": "k3s-master-server",
      "provider": "provider[\"registry.terraform.io/telmate/proxmox\"]",
      "instances": [
        {
          "schema_version": 0,
          "attributes": {
            "additional_wait": 15,
            "agent": 1,
            "args": "",
            "balloon": 0,
            "bios": "seabios",
            "boot": "cdn",
            "bootdisk": "scsi0",
            "bridge": "",
            "ci_wait": null,
            "cicustom": "",
            "cipassword": "root",
            "ciuser": "root",
            "clone": "clone",
            "clone_wait": 15,
            "cloudinit_cdrom_storage": null,
            "cores": 1,
            "cpu": "host",
            "default_ipv4_address": "10.0.0.35",
            "define_connection_info": true,
            "desc": "",
            "disk": [
              {
                "backup": 0,
                "cache": "none",
                "discard": "",
                "file": "198/base-198-disk-0.qcow2/135/vm-135-disk-0.qcow2",
                "format": "qcow2",
                "iothread": 0,
                "mbps": 0,
                "mbps_rd": 0,
                "mbps_rd_max": 0,
                "mbps_wr": 0,
                "mbps_wr_max": 0,
                "media": "",
                "replicate": 0,
                "size": "12G",
                "slot": 0,
                "ssd": 0,
                "storage": "local",
                "storage_type": "dir",
                "type": "scsi",
                "volume": "local:198/base-198-disk-0.qcow2/135/vm-135-disk-0.qcow2"
              }
            ],
            "disk_gb": 0,
            "force_create": false,
            "force_recreate_on_change_of": null,
            "full_clone": false,
            "guest_agent_ready_timeout": 600,
            "hastate": "",
            "hotplug": "network,disk,usb",
            "id": "pve-01/qemu/135",
            "ipconfig0": "ip=10.0.0.35/24,gw=10.0.0.1",
            "ipconfig1": "",
            "ipconfig2": "",
            "iso": null,
            "kvm": true,
            "mac": "",
            "memory": 4096,
            "name": "k3s-master-server",
            "nameserver": "8.8.8.8",
            "network": [
              {
                "bridge": "vmbr1",
                "firewall": false,
                "link_down": false,
                "macaddr": "1E:3F:A8:6D:63:36",
                "model": "virtio",
                "queues": 0,
                "rate": 0,
                "tag": -1
              }
            ],
            "nic": "",
            "numa": false,
            "onboot": true,
            "os_network_config": null,
            "os_type": "cloud-init",
            "pool": "",
            "preprovision": true,
            "qemu_os": "other",
            "reboot_required": false,
            "scsihw": "virtio-scsi-pci",
            "searchdomain": "",
            "serial": [],
            "sockets": 1,
            "ssh_forward_ip": null,
            "ssh_host": "10.0.0.35",
            "ssh_port": "22",
            "ssh_private_key": null,
            "ssh_user": null,
            "sshkeys": "ssh-rsa AAAAB3NzaC1yc2EAAAADAQABAAABAQDQLx0Mfx5lnz3i6TGLsd3SpuAw4r2/5AbwngtTLnSwRYNiXHvqQNkP9Xt1MkuZqb5nHblvrAlbXi+FwOnzy6oVFe2Ynl0YlcU6UXbgvbPVPZW3hSlrVymDJz696m/r6t9l0phJIJimnzjhioCF30+Y27mJcTgxeHWEJkK8wJzyQ9NUyvVW/pNBwND2JcTkDm3Otry91+HYRQdIsgt+w2hbPVDVhaHGP5dK/1qyPGY6TsS+o+069cZjoi/m68jieJrJdSK8NHedhh4+3qB74yaLXEOD8/1oc0EIvI7jhh4JSf2y0yQ8+9PdZxuTe/iEwjtcK6+0YjBV5ZF/XRQrny0N root@pve\n\n",
            "storage": "",
            "storage_type": "",
            "tags": "",
            "target_node": "pve-01",
            "unused_disk": [],
            "vcpus": 0,
            "vga": [],
            "vlan": -1,
            "vmid": 135
          },
          "sensitive_attributes": [],
          "private": "bnVsbA=="
        }
      ]
    },
    {
      "mode": "managed",
      "type": "proxmox_vm_qemu",
      "name": "k3s-server",
      "provider": "provider[\"registry.terraform.io/telmate/proxmox\"]",
      "instances": [
        {
          "schema_version": 0,
          "attributes": {
            "additional_wait": 15,
            "agent": 1,
            "args": "",
            "balloon": 0,
            "bios": "seabios",
            "boot": "cdn",
            "bootdisk": "scsi0",
            "bridge": "",
            "ci_wait": null,
            "cicustom": "",
            "cipassword": "root",
            "ciuser": "root",
            "clone": "clone",
            "clone_wait": 15,
            "cloudinit_cdrom_storage": null,
            "cores": 1,
            "cpu": "host",
            "default_ipv4_address": "10.0.0.40",
            "define_connection_info": true,
            "desc": "",
            "disk": [
              {
                "backup": 0,
                "cache": "none",
                "discard": "",
                "file": "198/base-198-disk-0.qcow2/140/vm-140-disk-0.qcow2",
                "format": "qcow2",
                "iothread": 0,
                "mbps": 0,
                "mbps_rd": 0,
                "mbps_rd_max": 0,
                "mbps_wr": 0,
                "mbps_wr_max": 0,
                "media": "",
                "replicate": 0,
                "size": "12G",
                "slot": 0,
                "ssd": 0,
                "storage": "local",
                "storage_type": "dir",
                "type": "scsi",
                "volume": "local:198/base-198-disk-0.qcow2/140/vm-140-disk-0.qcow2"
              }
            ],
            "disk_gb": 0,
            "force_create": false,
            "force_recreate_on_change_of": null,
            "full_clone": false,
            "guest_agent_ready_timeout": 600,
            "hastate": "",
            "hotplug": "network,disk,usb",
            "id": "pve-01/qemu/140",
            "ipconfig0": "ip=10.0.0.40/24,gw=10.0.0.1",
            "ipconfig1": "",
            "ipconfig2": "",
            "iso": null,
            "kvm": true,
            "mac": "",
            "memory": 4096,
            "name": "k3s-server",
            "nameserver": "8.8.8.8",
            "network": [
              {
                "bridge": "vmbr1",
                "firewall": false,
                "link_down": false,
                "macaddr": "52:69:68:DE:2A:6F",
                "model": "virtio",
                "queues": 0,
                "rate": 0,
                "tag": -1
              }
            ],
            "nic": "",
            "numa": false,
            "onboot": true,
            "os_network_config": null,
            "os_type": "cloud-init",
            "pool": "",
            "preprovision": true,
            "qemu_os": "other",
            "reboot_required": false,
            "scsihw": "virtio-scsi-pci",
            "searchdomain": "",
            "serial": [],
            "sockets": 1,
            "ssh_forward_ip": null,
            "ssh_host": "10.0.0.40",
            "ssh_port": "22",
            "ssh_private_key": null,
            "ssh_user": null,
            "sshkeys": "ssh-rsa AAAAB3NzaC1yc2EAAAADAQABAAABAQDQLx0Mfx5lnz3i6TGLsd3SpuAw4r2/5AbwngtTLnSwRYNiXHvqQNkP9Xt1MkuZqb5nHblvrAlbXi+FwOnzy6oVFe2Ynl0YlcU6UXbgvbPVPZW3hSlrVymDJz696m/r6t9l0phJIJimnzjhioCF30+Y27mJcTgxeHWEJkK8wJzyQ9NUyvVW/pNBwND2JcTkDm3Otry91+HYRQdIsgt+w2hbPVDVhaHGP5dK/1qyPGY6TsS+o+069cZjoi/m68jieJrJdSK8NHedhh4+3qB74yaLXEOD8/1oc0EIvI7jhh4JSf2y0yQ8+9PdZxuTe/iEwjtcK6+0YjBV5ZF/XRQrny0N root@pve\n\nssh-rsa AAAAB3NzaC1yc2EAAAADAQABAAACAQDeMBJc/Pl5/pPZX7kB4E0Wt1i3z6ap5VAP/+5RCLGjsYkDcxfFJefO217i3hXhr4s6V3/3x9uDIlxLMzdOSgJ53Ip7Rr4OHddU4ByGR0vPuAVmb8qWVwn0ZSzVgzXRPFnZmNeWJ+j1+Yg8bNp6AfqYI6EHyseZmk1qNWqIRgyS/uFuUB4LD8eSf+NZjEzq7MnmHbJkFt+wqnEBQGCod/VxN3qzfVGge4/pBYU5ktLY1CxPwcG7Fh7vsf2I6sgiePltwW2xXXJADi0RNc9EH2yqUw5WBQOK5kJdTaZ0GtQDyVWkawqEkaV6CVlCSICWx8bz1waWIoQk2oXRroUNUVw1ydRJaVVn0Y2011ZkzfjmBsdM3Eqx/f5cGutvVrTQU2bBsKqr5l85Sm68CjXMQhFrEM+0Sku+0DkHvW0u7CnPagKaIzN/BrsVYPJBvo+1Bwdkz//5Ojfw8DBgtY20qYkgH1ejKm2rrJuafcM30ZwTh+QjUcRRSgaoaroDuqe/rZgyzHMxrGunil5DjVy9cag/d27nx2nQm+ZAK6gKfGLtzHNvFwEZZBeLxT3vz7YuwkjY8v+2o6LmzZ6F6pQc/f3fmqCxVxZn//ho2CFp9W+DiUzd+ej3ADTDJ4TCOtBY89nGo2uxlgf160+ILFCmdGfGPh/aDaehJ3TqSOWpzvtkcQ== root@k3s-master-server\n\n",
            "storage": "",
            "storage_type": "",
            "tags": "",
            "target_node": "pve-01",
            "unused_disk": [],
            "vcpus": 0,
            "vga": [],
            "vlan": -1,
            "vmid": 140
          },
          "sensitive_attributes": [],
          "private": "bnVsbA=="
        }
      ]
    }
  ]
}
